
Microsoft Visual Studio Solution File, Format Version 12.00
# Visual Studio Version 16
VisualStudioVersion = 16.0.31702.278
MinimumVisualStudioVersion = 10.0.40219.1
Project("{FAE04EC0-301F-11D3-BF4B-00C04F79EFBC}") = "ExerciseLanbdaDelegatesLinq", "ExerciseLanbdaDelegatesLinq\ExerciseLanbdaDelegatesLinq.csproj", "{839EF0CD-686E-40CF-A4B9-5F46E330E3C2}"
EndProject
Global
	GlobalSection(SolutionConfigurationPlatforms) = preSolution
		Debug|Any CPU = Debug|Any CPU
		Release|Any CPU = Release|Any CPU
	EndGlobalSection
	GlobalSection(ProjectConfigurationPlatforms) = postSolution
		{839EF0CD-686E-40CF-A4B9-5F46E330E3C2}.Debug|Any CPU.ActiveCfg = Debug|Any CPU
		{839EF0CD-686E-40CF-A4B9-5F46E330E3C2}.Debug|Any CPU.Build.0 = Debug|Any CPU
		{839EF0CD-686E-40CF-A4B9-5F46E330E3C2}.Release|Any CPU.ActiveCfg = Release|Any CPU
		{839EF0CD-686E-40CF-A4B9-5F46E330E3C2}.Release|Any CPU.Build.0 = Release|Any CPU
	EndGlobalSection
	GlobalSection(SolutionProperties) = preSolution
		HideSolutionNode = FALSE
	EndGlobalSection
	GlobalSection(ExtensibilityGlobals) = postSolution
		SolutionGuid = {B01732D7-4DFD-456C-9013-7024C75FB91B}
	EndGlobalSection
EndGlobal
